
Microsoft Visual Studio Solution File, Format Version 11.00
# Visual Studio 2010
Project("{FAE04EC0-301F-11D3-BF4B-00C04F79EFBC}") = "Assembly-CSharp", "Assembly-CSharp.csproj", "{9C0332A2-6465-9A66-AE63-EB9E4BACC159}"
EndProject
Project("{FAE04EC0-301F-11D3-BF4B-00C04F79EFBC}") = "Assembly-CSharp-firstpass", "Assembly-CSharp-firstpass.csproj", "{3C97F9B4-7844-82EA-7F4E-AFEC0B7B9F2C}"
EndProject
Project("{FAE04EC0-301F-11D3-BF4B-00C04F79EFBC}") = "Assembly-CSharp-Editor-firstpass", "Assembly-CSharp-Editor-firstpass.csproj", "{A793EA7B-CA29-E6DC-5094-D06D7F53CD74}"
EndProject
Global
	GlobalSection(SolutionConfigurationPlatforms) = preSolution
		Debug|Any CPU = Debug|Any CPU
		Release|Any CPU = Release|Any CPU
	EndGlobalSection
	GlobalSection(ProjectConfigurationPlatforms) = postSolution
		{9C0332A2-6465-9A66-AE63-EB9E4BACC159}.Debug|Any CPU.ActiveCfg = Debug|Any CPU
		{9C0332A2-6465-9A66-AE63-EB9E4BACC159}.Debug|Any CPU.Build.0 = Debug|Any CPU
		{9C0332A2-6465-9A66-AE63-EB9E4BACC159}.Release|Any CPU.ActiveCfg = Release|Any CPU
		{9C0332A2-6465-9A66-AE63-EB9E4BACC159}.Release|Any CPU.Build.0 = Release|Any CPU
		{3C97F9B4-7844-82EA-7F4E-AFEC0B7B9F2C}.Debug|Any CPU.ActiveCfg = Debug|Any CPU
		{3C97F9B4-7844-82EA-7F4E-AFEC0B7B9F2C}.Debug|Any CPU.Build.0 = Debug|Any CPU
		{3C97F9B4-7844-82EA-7F4E-AFEC0B7B9F2C}.Release|Any CPU.ActiveCfg = Release|Any CPU
		{3C97F9B4-7844-82EA-7F4E-AFEC0B7B9F2C}.Release|Any CPU.Build.0 = Release|Any CPU
		{A793EA7B-CA29-E6DC-5094-D06D7F53CD74}.Debug|Any CPU.ActiveCfg = Debug|Any CPU
		{A793EA7B-CA29-E6DC-5094-D06D7F53CD74}.Debug|Any CPU.Build.0 = Debug|Any CPU
		{A793EA7B-CA29-E6DC-5094-D06D7F53CD74}.Release|Any CPU.ActiveCfg = Release|Any CPU
		{A793EA7B-CA29-E6DC-5094-D06D7F53CD74}.Release|Any CPU.Build.0 = Release|Any CPU
	EndGlobalSection
	GlobalSection(SolutionProperties) = preSolution
		HideSolutionNode = FALSE
	EndGlobalSection
	GlobalSection(MonoDevelopProperties) = preSolution
		StartupItem = Assembly-CSharp.csproj
	EndGlobalSection
EndGlobal
